
Microsoft Visual Studio Solution File, Format Version 12.00
# Visual Studio Version 16
VisualStudioVersion = 16.0.32413.511
MinimumVisualStudioVersion = 10.0.40219.1
Project("{FAE04EC0-301F-11D3-BF4B-00C04F79EFBC}") = "Domain", "Domain\Domain.csproj", "{AC3668F0-B553-42E4-B0D5-E73A9F034F4A}"
EndProject
Project("{FAE04EC0-301F-11D3-BF4B-00C04F79EFBC}") = "Data", "Data\Data.csproj", "{C651F94D-692C-409A-A73A-4BF3F65841C5}"
EndProject
Project("{FAE04EC0-301F-11D3-BF4B-00C04F79EFBC}") = "Services", "Services\Services.csproj", "{BC2E7FBA-5B01-4647-8E5F-C946EAE90358}"
EndProject
Project("{FAE04EC0-301F-11D3-BF4B-00C04F79EFBC}") = "ServicePattern", "ServicePattern\ServicePattern.csproj", "{C39EA67D-4100-471F-ACDB-DD8E222084CC}"
EndProject
Project("{FAE04EC0-301F-11D3-BF4B-00C04F79EFBC}") = "ExamenGUI", "ExamenGUI\ExamenGUI.csproj", "{BDBE650D-86D7-4570-9ADD-EE8BB9B90374}"
EndProject
Project("{FAE04EC0-301F-11D3-BF4B-00C04F79EFBC}") = "ExamenWeb", "ExamenWeb\ExamenWeb.csproj", "{6C4569CC-816E-4FBC-95B9-D2621F755175}"
EndProject
Global
	GlobalSection(SolutionConfigurationPlatforms) = preSolution
		Debug|Any CPU = Debug|Any CPU
		Release|Any CPU = Release|Any CPU
	EndGlobalSection
	GlobalSection(ProjectConfigurationPlatforms) = postSolution
		{AC3668F0-B553-42E4-B0D5-E73A9F034F4A}.Debug|Any CPU.ActiveCfg = Debug|Any CPU
		{AC3668F0-B553-42E4-B0D5-E73A9F034F4A}.Debug|Any CPU.Build.0 = Debug|Any CPU
		{AC3668F0-B553-42E4-B0D5-E73A9F034F4A}.Release|Any CPU.ActiveCfg = Release|Any CPU
		{AC3668F0-B553-42E4-B0D5-E73A9F034F4A}.Release|Any CPU.Build.0 = Release|Any CPU
		{C651F94D-692C-409A-A73A-4BF3F65841C5}.Debug|Any CPU.ActiveCfg = Debug|Any CPU
		{C651F94D-692C-409A-A73A-4BF3F65841C5}.Debug|Any CPU.Build.0 = Debug|Any CPU
		{C651F94D-692C-409A-A73A-4BF3F65841C5}.Release|Any CPU.ActiveCfg = Release|Any CPU
		{C651F94D-692C-409A-A73A-4BF3F65841C5}.Release|Any CPU.Build.0 = Release|Any CPU
		{BC2E7FBA-5B01-4647-8E5F-C946EAE90358}.Debug|Any CPU.ActiveCfg = Debug|Any CPU
		{BC2E7FBA-5B01-4647-8E5F-C946EAE90358}.Debug|Any CPU.Build.0 = Debug|Any CPU
		{BC2E7FBA-5B01-4647-8E5F-C946EAE90358}.Release|Any CPU.ActiveCfg = Release|Any CPU
		{BC2E7FBA-5B01-4647-8E5F-C946EAE90358}.Release|Any CPU.Build.0 = Release|Any CPU
		{C39EA67D-4100-471F-ACDB-DD8E222084CC}.Debug|Any CPU.ActiveCfg = Debug|Any CPU
		{C39EA67D-4100-471F-ACDB-DD8E222084CC}.Debug|Any CPU.Build.0 = Debug|Any CPU
		{C39EA67D-4100-471F-ACDB-DD8E222084CC}.Release|Any CPU.ActiveCfg = Release|Any CPU
		{C39EA67D-4100-471F-ACDB-DD8E222084CC}.Release|Any CPU.Build.0 = Release|Any CPU
		{BDBE650D-86D7-4570-9ADD-EE8BB9B90374}.Debug|Any CPU.ActiveCfg = Debug|Any CPU
		{BDBE650D-86D7-4570-9ADD-EE8BB9B90374}.Debug|Any CPU.Build.0 = Debug|Any CPU
		{BDBE650D-86D7-4570-9ADD-EE8BB9B90374}.Release|Any CPU.ActiveCfg = Release|Any CPU
		{BDBE650D-86D7-4570-9ADD-EE8BB9B90374}.Release|Any CPU.Build.0 = Release|Any CPU
		{6C4569CC-816E-4FBC-95B9-D2621F755175}.Debug|Any CPU.ActiveCfg = Debug|Any CPU
		{6C4569CC-816E-4FBC-95B9-D2621F755175}.Debug|Any CPU.Build.0 = Debug|Any CPU
		{6C4569CC-816E-4FBC-95B9-D2621F755175}.Release|Any CPU.ActiveCfg = Release|Any CPU
		{6C4569CC-816E-4FBC-95B9-D2621F755175}.Release|Any CPU.Build.0 = Release|Any CPU
	EndGlobalSection
	GlobalSection(SolutionProperties) = preSolution
		HideSolutionNode = FALSE
	EndGlobalSection
	GlobalSection(ExtensibilityGlobals) = postSolution
		SolutionGuid = {E615D835-2FE6-4A47-8D07-0A19852CCDCD}
	EndGlobalSection
EndGlobal
